
Microsoft Visual Studio Solution File, Format Version 12.00
# Visual Studio 2013
VisualStudioVersion = 12.0.21005.1
MinimumVisualStudioVersion = 10.0.40219.1
Project("{8BC9CEB8-8B4A-11D0-8D11-00A0C91BC942}") = "Sudoku", "Sudoku\Sudoku.vcxproj", "{25A23925-7A11-448B-9E56-508D2E03EA9D}"
EndProject
Project("{8BC9CEB8-8B4A-11D0-8D11-00A0C91BC942}") = "SudokuSolver", "SudokuSolver\SudokuSolver.vcxproj", "{B191AD5C-9CFF-4606-96C5-8ADDC58C5232}"
EndProject
Global
	GlobalSection(SolutionConfigurationPlatforms) = preSolution
		Debug|Any CPU = Debug|Any CPU
		Debug|Mixed Platforms = Debug|Mixed Platforms
		Debug|Win32 = Debug|Win32
		Release|Any CPU = Release|Any CPU
		Release|Mixed Platforms = Release|Mixed Platforms
		Release|Win32 = Release|Win32
	EndGlobalSection
	GlobalSection(ProjectConfigurationPlatforms) = postSolution
		{25A23925-7A11-448B-9E56-508D2E03EA9D}.Debug|Any CPU.ActiveCfg = Debug|Win32
		{25A23925-7A11-448B-9E56-508D2E03EA9D}.Debug|Mixed Platforms.ActiveCfg = Debug|Win32
		{25A23925-7A11-448B-9E56-508D2E03EA9D}.Debug|Mixed Platforms.Build.0 = Debug|Win32
		{25A23925-7A11-448B-9E56-508D2E03EA9D}.Debug|Win32.ActiveCfg = Debug|Win32
		{25A23925-7A11-448B-9E56-508D2E03EA9D}.Debug|Win32.Build.0 = Debug|Win32
		{25A23925-7A11-448B-9E56-508D2E03EA9D}.Release|Any CPU.ActiveCfg = Release|Win32
		{25A23925-7A11-448B-9E56-508D2E03EA9D}.Release|Mixed Platforms.ActiveCfg = Release|Win32
		{25A23925-7A11-448B-9E56-508D2E03EA9D}.Release|Mixed Platforms.Build.0 = Release|Win32
		{25A23925-7A11-448B-9E56-508D2E03EA9D}.Release|Win32.ActiveCfg = Release|Win32
		{25A23925-7A11-448B-9E56-508D2E03EA9D}.Release|Win32.Build.0 = Release|Win32
		{B191AD5C-9CFF-4606-96C5-8ADDC58C5232}.Debug|Any CPU.ActiveCfg = Debug|Win32
		{B191AD5C-9CFF-4606-96C5-8ADDC58C5232}.Debug|Mixed Platforms.ActiveCfg = Debug|Win32
		{B191AD5C-9CFF-4606-96C5-8ADDC58C5232}.Debug|Mixed Platforms.Build.0 = Debug|Win32
		{B191AD5C-9CFF-4606-96C5-8ADDC58C5232}.Debug|Win32.ActiveCfg = Debug|Win32
		{B191AD5C-9CFF-4606-96C5-8ADDC58C5232}.Debug|Win32.Build.0 = Debug|Win32
		{B191AD5C-9CFF-4606-96C5-8ADDC58C5232}.Release|Any CPU.ActiveCfg = Release|Win32
		{B191AD5C-9CFF-4606-96C5-8ADDC58C5232}.Release|Mixed Platforms.ActiveCfg = Release|Win32
		{B191AD5C-9CFF-4606-96C5-8ADDC58C5232}.Release|Mixed Platforms.Build.0 = Release|Win32
		{B191AD5C-9CFF-4606-96C5-8ADDC58C5232}.Release|Win32.ActiveCfg = Release|Win32
		{B191AD5C-9CFF-4606-96C5-8ADDC58C5232}.Release|Win32.Build.0 = Release|Win32
	EndGlobalSection
	GlobalSection(SolutionProperties) = preSolution
		HideSolutionNode = FALSE
	EndGlobalSection
EndGlobal
