<?xml version="1.0" encoding="utf-8"?>
<Project ToolsVersion="4.0" xmlns="http://schemas.microsoft.com/developer/msbuild/2003">
  <ItemGroup>
    <Filter Include="Source Files">
      <UniqueIdentifier>{4FC737F1-C7A5-4376-A066-2A32D752A2FF}</UniqueIdentifier>
      <Extensions>cpp;c;cc;cxx;def;odl;idl;hpj;bat;asm;asmx</Extensions>
    </Filter>
    <Filter Include="Header Files">
      <UniqueIdentifier>{93995380-89BD-4b04-88EB-625FBE52EBFB}</UniqueIdentifier>
      <Extensions>h;hh;hpp;hxx;hm;inl;inc;xsd</Extensions>
    </Filter>
    <Filter Include="Resource Files">
      <UniqueIdentifier>{67DA6AB6-F800-4c08-8B7A-83BB121AAD01}</UniqueIdentifier>
      <Extensions>rc;ico;cur;bmp;dlg;rc2;rct;bin;rgs;gif;jpg;jpeg;jpe;resx;tiff;tif;png;wav;mfcribbon-ms</Extensions>
    </Filter>
    <Filter Include="Source Files\Strategies">
      <UniqueIdentifier>{a68e959d-c4f9-460f-bc74-0aee5e486ee1}</UniqueIdentifier>
    </Filter>
    <Filter Include="Header Files\Strategies">
      <UniqueIdentifier>{497ded1b-1450-46b1-b275-c3d774720859}</UniqueIdentifier>
    </Filter>
  </ItemGroup>
  <ItemGroup>
    <ClInclude Include="Cell.h">
      <Filter>Header Files</Filter>
    </ClInclude>
    <ClInclude Include="Grid.h">
      <Filter>Header Files</Filter>
    </ClInclude>
    <ClInclude Include="Region.h">
      <Filter>Header Files</Filter>
    </ClInclude>
    <ClInclude Include="RowHolder.h">
      <Filter>Header Files</Filter>
    </ClInclude>
    <ClInclude Include="TripleHolder.h">
      <Filter>Header Files</Filter>
    </ClInclude>
    <ClInclude Include="ColumnHolder.h">
      <Filter>Header Files</Filter>
    </ClInclude>
    <ClInclude Include="RegionHolder.h">
      <Filter>Header Files</Filter>
    </ClInclude>
    <ClInclude Include="LastCellFinder.h">
      <Filter>Header Files</Filter>
    </ClInclude>
    <ClInclude Include="IVisitor.h">
      <Filter>Header Files\Strategies</Filter>
    </ClInclude>
    <ClInclude Include="OnlyOneChoiceInRowVisitor.h">
      <Filter>Header Files\Strategies</Filter>
    </ClInclude>
    <ClInclude Include="ValueEliminator.h">
      <Filter>Header Files\Strategies</Filter>
    </ClInclude>
    <ClInclude Include="OnlyOneChoiceInColumnVisitor.h">
      <Filter>Header Files\Strategies</Filter>
    </ClInclude>
    <ClInclude Include="OnlyOneChoiceInRegionVisitor.h">
      <Filter>Header Files\Strategies</Filter>
    </ClInclude>
    <ClInclude Include="OnlySquareVisitor.h">
      <Filter>Header Files\Strategies</Filter>
    </ClInclude>
    <ClInclude Include="NineHolder.h">
      <Filter>Header Files</Filter>
    </ClInclude>
    <ClInclude Include="TwoOutOfThreeRowVisitor.h">
      <Filter>Header Files\Strategies</Filter>
    </ClInclude>
  </ItemGroup>
  <ItemGroup>
    <ClCompile Include="Cell.cpp">
      <Filter>Source Files</Filter>
    </ClCompile>
    <ClCompile Include="Grid.cpp">
      <Filter>Source Files</Filter>
    </ClCompile>
    <ClCompile Include="Region.cpp">
      <Filter>Source Files</Filter>
    </ClCompile>
    <ClCompile Include="RowHolder.cpp">
      <Filter>Source Files</Filter>
    </ClCompile>
    <ClCompile Include="TripleHolder.cpp">
      <Filter>Source Files</Filter>
    </ClCompile>
    <ClCompile Include="ColumnHolder.cpp">
      <Filter>Source Files</Filter>
    </ClCompile>
    <ClCompile Include="RegionHolder.cpp">
      <Filter>Source Files</Filter>
    </ClCompile>
    <ClCompile Include="LastCellFinder.cpp">
      <Filter>Source Files</Filter>
    </ClCompile>
    <ClCompile Include="IVisitor.cpp">
      <Filter>Source Files\Strategies</Filter>
    </ClCompile>
    <ClCompile Include="OnlyOneChoiceInRowVisitor.cpp">
      <Filter>Source Files\Strategies</Filter>
    </ClCompile>
    <ClCompile Include="ValueEliminator.cpp">
      <Filter>Source Files\Strategies</Filter>
    </ClCompile>
    <ClCompile Include="OnlyOneChoiceInColumnVisitor.cpp">
      <Filter>Source Files\Strategies</Filter>
    </ClCompile>
    <ClCompile Include="OnlyOneChoiceInRegionVisitor.cpp">
      <Filter>Source Files\Strategies</Filter>
    </ClCompile>
    <ClCompile Include="OnlySquareVisitor.cpp">
      <Filter>Source Files\Strategies</Filter>
    </ClCompile>
    <ClCompile Include="NineHolder.cpp">
      <Filter>Source Files</Filter>
    </ClCompile>
    <ClCompile Include="TwoOutOfThreeRowVisitor.cpp">
      <Filter>Source Files\Strategies</Filter>
    </ClCompile>
  </ItemGroup>
</Project>